
Microsoft Visual Studio Solution File, Format Version 12.00
# Visual Studio Version 17
VisualStudioVersion = 17.11.35327.3
MinimumVisualStudioVersion = 10.0.40219.1
Project("{FAE04EC0-301F-11D3-BF4B-00C04F79EFBC}") = "ProjetDotNet_Watches", "ProjetDotNet_Watches\ProjetDotNet_Watches.csproj", "{9BE700C6-51F3-40ED-8D29-4A63D3303301}"
EndProject
Global
	GlobalSection(SolutionConfigurationPlatforms) = preSolution
		Debug|Any CPU = Debug|Any CPU
		Release|Any CPU = Release|Any CPU
	EndGlobalSection
	GlobalSection(ProjectConfigurationPlatforms) = postSolution
		{9BE700C6-51F3-40ED-8D29-4A63D3303301}.Debug|Any CPU.ActiveCfg = Debug|Any CPU
		{9BE700C6-51F3-40ED-8D29-4A63D3303301}.Debug|Any CPU.Build.0 = Debug|Any CPU
		{9BE700C6-51F3-40ED-8D29-4A63D3303301}.Release|Any CPU.ActiveCfg = Release|Any CPU
		{9BE700C6-51F3-40ED-8D29-4A63D3303301}.Release|Any CPU.Build.0 = Release|Any CPU
	EndGlobalSection
	GlobalSection(SolutionProperties) = preSolution
		HideSolutionNode = FALSE
	EndGlobalSection
	GlobalSection(ExtensibilityGlobals) = postSolution
		SolutionGuid = {B6780DF5-8DA3-48C7-A247-EFE7D4CA22D9}
	EndGlobalSection
EndGlobal
